<?xml version="1.0" encoding="utf-8"?>
<Project ToolsVersion="4.0" xmlns="http://schemas.microsoft.com/developer/msbuild/2003">
  <ItemGroup>
    <Filter Include="Source Files">
      <UniqueIdentifier>{4FC737F1-C7A5-4376-A066-2A32D752A2FF}</UniqueIdentifier>
      <Extensions>cpp;c;cc;cxx;c++;cppm;ixx;def;odl;idl;hpj;bat;asm;asmx</Extensions>
    </Filter>
    <Filter Include="Header Files">
      <UniqueIdentifier>{93995380-89BD-4b04-88EB-625FBE52EBFB}</UniqueIdentifier>
      <Extensions>h;hh;hpp;hxx;h++;hm;inl;inc;ipp;xsd</Extensions>
    </Filter>
    <Filter Include="Resource Files">
      <UniqueIdentifier>{67DA6AB6-F800-4c08-8B7A-83BB121AAD01}</UniqueIdentifier>
      <Extensions>rc;ico;cur;bmp;dlg;rc2;rct;bin;rgs;gif;jpg;jpeg;jpe;resx;tiff;tif;png;wav;mfcribbon-ms</Extensions>
    </Filter>
    <Filter Include="Header Files\Graphics">
      <UniqueIdentifier>{7d460788-361f-4fa8-a27a-97b6355c7d62}</UniqueIdentifier>
    </Filter>
    <Filter Include="Header Files\Input">
      <UniqueIdentifier>{2611df34-259f-402a-a245-f137217e9743}</UniqueIdentifier>
    </Filter>
    <Filter Include="Header Files\Engine">
      <UniqueIdentifier>{763f661f-c512-4e35-bf96-6120b145c99c}</UniqueIdentifier>
    </Filter>
    <Filter Include="Header Files\Utilities">
      <UniqueIdentifier>{2561bba1-72ad-4eea-9910-9e016322ee1a}</UniqueIdentifier>
    </Filter>
    <Filter Include="Header Files\Graphics\Windows">
      <UniqueIdentifier>{64e75a14-189d-4663-b4b1-2af0e199f0f3}</UniqueIdentifier>
    </Filter>
    <Filter Include="Header Files\Game">
      <UniqueIdentifier>{3590a305-473d-4ee4-9231-b132141bd188}</UniqueIdentifier>
    </Filter>
  </ItemGroup>
  <ItemGroup>
    <ClCompile Include="main.cpp">
      <Filter>Source Files</Filter>
    </ClCompile>
  </ItemGroup>
  <ItemGroup>
    <ClInclude Include="Screen.h">
      <Filter>Header Files\Graphics</Filter>
    </ClInclude>
    <ClInclude Include="Surface.h">
      <Filter>Header Files\Graphics</Filter>
    </ClInclude>
    <ClInclude Include="ScreenFactory.h">
      <Filter>Header Files\Graphics</Filter>
    </ClInclude>
    <ClInclude Include="Character.h">
      <Filter>Header Files\Graphics</Filter>
    </ClInclude>
    <ClInclude Include="Button.h">
      <Filter>Header Files\Input</Filter>
    </ClInclude>
    <ClInclude Include="Keyboard.h">
      <Filter>Header Files\Input</Filter>
    </ClInclude>
    <ClInclude Include="VirtualKeys.h">
      <Filter>Header Files\Input</Filter>
    </ClInclude>
    <ClInclude Include="WindowsKeyboard.h">
      <Filter>Header Files\Input</Filter>
    </ClInclude>
    <ClInclude Include="KeyboardFactory.h">
      <Filter>Header Files\Input</Filter>
    </ClInclude>
    <ClInclude Include="Tetris.h">
      <Filter>Header Files\Game</Filter>
    </ClInclude>
    <ClInclude Include="Game.h">
      <Filter>Header Files\Engine</Filter>
    </ClInclude>
    <ClInclude Include="Matrix2D.h">
      <Filter>Header Files\Utilities</Filter>
    </ClInclude>
    <ClInclude Include="PlatformIdentifier.h">
      <Filter>Header Files\Utilities</Filter>
    </ClInclude>
    <ClInclude Include="ScreenObject.h">
      <Filter>Header Files\Graphics</Filter>
    </ClInclude>
    <ClInclude Include="TextObject.h">
      <Filter>Header Files\Graphics</Filter>
    </ClInclude>
    <ClInclude Include="WindowsCharacter.h">
      <Filter>Header Files\Graphics\Windows</Filter>
    </ClInclude>
    <ClInclude Include="WindowsCMDScreen.h">
      <Filter>Header Files\Graphics\Windows</Filter>
    </ClInclude>
    <ClInclude Include="Clock.h">
      <Filter>Header Files\Graphics</Filter>
    </ClInclude>
    <ClInclude Include="CollidableObject.h">
      <Filter>Header Files\Engine</Filter>
    </ClInclude>
    <ClInclude Include="BlockSpawner.h">
      <Filter>Header Files\Game</Filter>
    </ClInclude>
    <ClInclude Include="LongPiece.h">
      <Filter>Header Files\Game</Filter>
    </ClInclude>
  </ItemGroup>
  <ItemGroup>
    <None Include="ClassDiagram.cd" />
  </ItemGroup>
</Project>